<?xml version="1.0" encoding="utf-8"?>
<Project ToolsVersion="4.0" xmlns="http://schemas.microsoft.com/developer/msbuild/2003">
  <ItemGroup>
    <Filter Include="Source Files">
      <UniqueIdentifier>{4FC737F1-C7A5-4376-A066-2A32D752A2FF}</UniqueIdentifier>
      <Extensions>cpp;c;cc;cxx;c++;cppm;ixx;def;odl;idl;hpj;bat;asm;asmx</Extensions>
    </Filter>
    <Filter Include="Header Files">
      <UniqueIdentifier>{93995380-89BD-4b04-88EB-625FBE52EBFB}</UniqueIdentifier>
      <Extensions>h;hh;hpp;hxx;h++;hm;inl;inc;ipp;xsd</Extensions>
    </Filter>
    <Filter Include="Resource Files">
      <UniqueIdentifier>{67DA6AB6-F800-4c08-8B7A-83BB121AAD01}</UniqueIdentifier>
      <Extensions>rc;ico;cur;bmp;dlg;rc2;rct;bin;rgs;gif;jpg;jpeg;jpe;resx;tiff;tif;png;wav;mfcribbon-ms</Extensions>
    </Filter>
  </ItemGroup>
  <ItemGroup>
    <ClCompile Include="TEA Encryption.cpp">
      <Filter>Source Files</Filter>
    </ClCompile>
  </ItemGroup>
  <ItemGroup>
    <None Include="Ciphertexts\mystery1_ECB-H.crypt">
      <Filter>Resource Files</Filter>
    </None>
    <None Include="Ciphertexts\mystery2_ECB-S.crypt">
      <Filter>Resource Files</Filter>
    </None>
    <None Include="Ciphertexts\mystery3_CBC-S.crypt">
      <Filter>Resource Files</Filter>
    </None>
    <None Include="Ciphertexts\mystery4_CTR-S.crypt">
      <Filter>Resource Files</Filter>
    </None>
    <None Include="Practice\practice_ECB-H.crypt">
      <Filter>Resource Files</Filter>
    </None>
    <None Include="Practice\practice_ECB-H.plain">
      <Filter>Resource Files</Filter>
    </None>
    <None Include="Practice\practice_ECB-S.crypt">
      <Filter>Resource Files</Filter>
    </None>
    <None Include="Practice\practice_ECB-S.plain">
      <Filter>Resource Files</Filter>
    </None>
    <None Include="teacher-H.iv">
      <Filter>Resource Files</Filter>
    </None>
    <None Include="teacher-H.key">
      <Filter>Resource Files</Filter>
    </None>
    <None Include="theme-H.iv">
      <Filter>Resource Files</Filter>
    </None>
    <None Include="theme-H.key">
      <Filter>Resource Files</Filter>
    </None>
    <None Include="Help Program Examples\Convert.java">
      <Filter>Resource Files</Filter>
    </None>
    <None Include="Help Program Examples\Overflow.java">
      <Filter>Resource Files</Filter>
    </None>
    <None Include="Help Program Examples\Shift.java">
      <Filter>Resource Files</Filter>
    </None>
  </ItemGroup>
  <ItemGroup>
    <Text Include="decrypted.txt" />
  </ItemGroup>
</Project>